
Microsoft Visual Studio Solution File, Format Version 12.00
# Visual Studio Version 16
VisualStudioVersion = 16.0.32630.194
MinimumVisualStudioVersion = 10.0.40219.1
Project("{FAE04EC0-301F-11D3-BF4B-00C04F79EFBC}") = "Projesis_Veri_Tabani_First_Project", "Projesis_Veri_Tabani_First_Project\Projesis_Veri_Tabani_First_Project.csproj", "{5053FCB8-18BC-43AC-AC61-1E2D655D2A47}"
EndProject
Global
	GlobalSection(SolutionConfigurationPlatforms) = preSolution
		Debug|Any CPU = Debug|Any CPU
		Release|Any CPU = Release|Any CPU
	EndGlobalSection
	GlobalSection(ProjectConfigurationPlatforms) = postSolution
		{5053FCB8-18BC-43AC-AC61-1E2D655D2A47}.Debug|Any CPU.ActiveCfg = Debug|Any CPU
		{5053FCB8-18BC-43AC-AC61-1E2D655D2A47}.Debug|Any CPU.Build.0 = Debug|Any CPU
		{5053FCB8-18BC-43AC-AC61-1E2D655D2A47}.Release|Any CPU.ActiveCfg = Release|Any CPU
		{5053FCB8-18BC-43AC-AC61-1E2D655D2A47}.Release|Any CPU.Build.0 = Release|Any CPU
	EndGlobalSection
	GlobalSection(SolutionProperties) = preSolution
		HideSolutionNode = FALSE
	EndGlobalSection
	GlobalSection(ExtensibilityGlobals) = postSolution
		SolutionGuid = {E95AF715-A2BC-48B4-BEF5-099118AFE2D4}
	EndGlobalSection
EndGlobal
